
Microsoft Visual Studio Solution File, Format Version 12.00
# Visual Studio Version 16
VisualStudioVersion = 16.0.30804.86
MinimumVisualStudioVersion = 10.0.40219.1
Project("{9A19103F-16F7-4668-BE54-9A1E7A4F7556}") = "SrumData", "SrumData\SrumData.csproj", "{C4C86FBB-0AF4-46F2-B05D-D61BA3BD0BDC}"
EndProject
Project("{9A19103F-16F7-4668-BE54-9A1E7A4F7556}") = "SrumECmd", "SrumECmd\SrumECmd.csproj", "{50A11364-A700-4A80-BD40-672BAA45D1F7}"
EndProject
Project("{9A19103F-16F7-4668-BE54-9A1E7A4F7556}") = "SrumTest", "SrumTest\SrumTest.csproj", "{23FEC67C-E1A8-49C6-BA5E-BED5691ED241}"
EndProject
Global
	GlobalSection(SolutionConfigurationPlatforms) = preSolution
		Debug|Any CPU = Debug|Any CPU
		Release|Any CPU = Release|Any CPU
	EndGlobalSection
	GlobalSection(ProjectConfigurationPlatforms) = postSolution
		{C4C86FBB-0AF4-46F2-B05D-D61BA3BD0BDC}.Debug|Any CPU.ActiveCfg = Debug|Any CPU
		{C4C86FBB-0AF4-46F2-B05D-D61BA3BD0BDC}.Debug|Any CPU.Build.0 = Debug|Any CPU
		{C4C86FBB-0AF4-46F2-B05D-D61BA3BD0BDC}.Release|Any CPU.ActiveCfg = Release|Any CPU
		{C4C86FBB-0AF4-46F2-B05D-D61BA3BD0BDC}.Release|Any CPU.Build.0 = Release|Any CPU
		{50A11364-A700-4A80-BD40-672BAA45D1F7}.Debug|Any CPU.ActiveCfg = Debug|Any CPU
		{50A11364-A700-4A80-BD40-672BAA45D1F7}.Debug|Any CPU.Build.0 = Debug|Any CPU
		{50A11364-A700-4A80-BD40-672BAA45D1F7}.Release|Any CPU.ActiveCfg = Release|Any CPU
		{50A11364-A700-4A80-BD40-672BAA45D1F7}.Release|Any CPU.Build.0 = Release|Any CPU
		{23FEC67C-E1A8-49C6-BA5E-BED5691ED241}.Debug|Any CPU.ActiveCfg = Debug|Any CPU
		{23FEC67C-E1A8-49C6-BA5E-BED5691ED241}.Debug|Any CPU.Build.0 = Debug|Any CPU
		{23FEC67C-E1A8-49C6-BA5E-BED5691ED241}.Release|Any CPU.ActiveCfg = Release|Any CPU
		{23FEC67C-E1A8-49C6-BA5E-BED5691ED241}.Release|Any CPU.Build.0 = Release|Any CPU
	EndGlobalSection
	GlobalSection(SolutionProperties) = preSolution
		HideSolutionNode = FALSE
	EndGlobalSection
	GlobalSection(ExtensibilityGlobals) = postSolution
		SolutionGuid = {D3E355E1-0BA1-401C-AC17-87E0D28659BA}
	EndGlobalSection
EndGlobal
